schema: '2.0'
stages:
  get_data:
    cmd: python get_data.py
    deps:
    - path: get_data.py
      hash: md5
      md5: ce82f4dec5a105e4767ac2b352a769fd
      size: 505
    outs:
    - path: data/wine_data_raw.csv
      hash: md5
      md5: 8305ad12adc54ba0fb0e7c3279c599c5
      size: 292287
  train:
    cmd: python train.py
    deps:
    - path: data/wine_data_raw.csv
      hash: md5
      md5: 8305ad12adc54ba0fb0e7c3279c599c5
      size: 292287
    - path: train.py
      hash: md5
      md5: cb1679b205f6eac50438c7fa1fccb659
      size: 1517
    outs:
    - path: confusion_matrix.png
      hash: md5
      md5: 0a06abacac35598c3f8dd9bc617d9170
      size: 35682
    - path: metrics.json
      hash: md5
      md5: f4e3689ac998f234bbdbedb9d396255a
      size: 31
